Microsoft Visual Studio Solution File, Format Version 12.00
# Visual Studio Version 16
VisualStudioVersion = 16.0.29326.143
MinimumVisualStudioVersion = 10.0.40219.1
Project("{2150E333-8FDC-42A3-9474-1A3956D46DE8}") = "Solution Items", "Solution Items", "{9A9C8A2A-503B-4C46-962A-D347E23CD4A8}"
	ProjectSection(SolutionItems) = preProject
		ruleset.ruleset = ruleset.ruleset
	EndProjectSection
EndProject
Project("{2150E333-8FDC-42A3-9474-1A3956D46DE8}") = "Basics", "Basics", "{604765A9-BB32-4E7F-9A49-978799315BA8}"
EndProject
Project("{9A19103F-16F7-4668-BE54-9A1E7A4F7556}") = "Basics", "Basics\Basics.csproj", "{54B04E29-27FD-4C60-B768-A271E9368D82}"
EndProject
Project("{FAE04EC0-301F-11D3-BF4B-00C04F79EFBC}") = "Basics.Roslyn", "Basics.Roslyn\Basics.Roslyn.csproj", "{6EEA9FC6-FD50-4477-A428-6832160EE569}"
EndProject
Project("{9A19103F-16F7-4668-BE54-9A1E7A4F7556}") = "Basics.Test", "Basics.Test\Basics.Test.csproj", "{6A9E2CC6-F4B7-452B-8461-D0348B294D44}"
EndProject
Project("{FAE04EC0-301F-11D3-BF4B-00C04F79EFBC}") = "Basics.Benchmark", "Basics.Benchmark\Basics.Benchmark.csproj", "{0A093994-A3E6-479C-BDB0-0560D318D424}"
EndProject
Project("{2150E333-8FDC-42A3-9474-1A3956D46DE8}") = "Roslyn", "Roslyn", "{765D12D8-3CE5-4292-B159-81A6DF3869C7}"
EndProject
Project("{9A19103F-16F7-4668-BE54-9A1E7A4F7556}") = "AutoWiring.Api.Analyzers", "Roslyn\AutoWiring.Api.Analyzers\AutoWiring.Api.Analyzers.csproj", "{1F6E165F-5C5A-4B1E-AFF4-5824EB0A2E29}"
EndProject
Project("{9A19103F-16F7-4668-BE54-9A1E7A4F7556}") = "Roslyn.Test", "Roslyn\Roslyn.Test\Roslyn.Test.csproj", "{33D10043-5F94-4A0A-9C11-6DA21FF8310F}"
EndProject
Project("{2150E333-8FDC-42A3-9474-1A3956D46DE8}") = "Modules", "Modules", "{C01667ED-90ED-4F1E-9356-18F76E16BDFE}"
EndProject
Project("{9A19103F-16F7-4668-BE54-9A1E7A4F7556}") = "AutoWiring.Api", "Modules\AutoWiring.Api\AutoWiring.Api.csproj", "{39A32FDC-5846-46AF-92AC-03E1340DE7B6}"
EndProject
Project("{FAE04EC0-301F-11D3-BF4B-00C04F79EFBC}") = "AutoRegistration", "Modules\AutoRegistration\AutoRegistration.csproj", "{96C860FA-1B1E-4D1D-A6F2-EF08E8674920}"
EndProject
Project("{9A19103F-16F7-4668-BE54-9A1E7A4F7556}") = "CliArgumentsParser", "Modules\CliArgumentsParser\CliArgumentsParser.csproj", "{25FA79D0-F97F-4394-8E84-562E8B043CE5}"
EndProject
Project("{9A19103F-16F7-4668-BE54-9A1E7A4F7556}") = "PathResolver", "Modules\PathResolver\PathResolver.csproj", "{168E7C2A-6CAC-4CCC-AFBD-7F123FC43E31}"
EndProject
Project("{9A19103F-16F7-4668-BE54-9A1E7A4F7556}") = "SettingsManager", "Modules\SettingsManager\SettingsManager.csproj", "{B553DF51-FE08-49E9-8A76-20570DF71B5E}"
EndProject
Project("{9A19103F-16F7-4668-BE54-9A1E7A4F7556}") = "Modules.Test", "Modules\Modules.Test\Modules.Test.csproj", "{E5845FF6-CBAD-433A-A739-EA800F37BC7F}"
EndProject
Project("{FAE04EC0-301F-11D3-BF4B-00C04F79EFBC}") = "GenericEndpoint", "Modules\GenericEndpoint\GenericEndpoint.csproj", "{5AE81410-00A5-498F-98DD-1EAC0DC7F62E}"
EndProject
Project("{FAE04EC0-301F-11D3-BF4B-00C04F79EFBC}") = "Newtonsoft.Json", "Modules\Newtonsoft.Json\Newtonsoft.Json.csproj", "{04956563-F049-4503-974D-7EC8DB246E84}"
EndProject
Project("{FAE04EC0-301F-11D3-BF4B-00C04F79EFBC}") = "DataImport", "Modules\DataImport\DataImport.csproj", "{C12B52D3-D0D8-4344-BF61-1C7CEB80EC64}"
EndProject
Project("{FAE04EC0-301F-11D3-BF4B-00C04F79EFBC}") = "GenericDomain", "Modules\GenericDomain\GenericDomain.csproj", "{A584F8D8-F296-4EE3-8216-55B1EC7CFF85}"
EndProject
Project("{FAE04EC0-301F-11D3-BF4B-00C04F79EFBC}") = "GenericHost", "Modules\GenericHost\GenericHost.csproj", "{BF9BA36A-8F87-4EB0-BBBA-AE0A18B867CD}"
EndProject
Project("{FAE04EC0-301F-11D3-BF4B-00C04F79EFBC}") = "DataAccess.Contract", "Modules\DataAccess.Contract\DataAccess.Contract.csproj", "{A2C1EE02-85B4-402D-B9FC-7108D78505DC}"
EndProject
Project("{FAE04EC0-301F-11D3-BF4B-00C04F79EFBC}") = "GenericEndpoint.Contract", "Modules\GenericEndpoint.Contract\GenericEndpoint.Contract.csproj", "{96093DD9-5D07-44B3-9BF5-BE099E8EAF91}"
EndProject
Project("{FAE04EC0-301F-11D3-BF4B-00C04F79EFBC}") = "GenericEndpoint.TestExtensions", "Modules\GenericEndpoint.TestExtensions\GenericEndpoint.TestExtensions.csproj", "{8B3D2F61-04BF-422F-B466-FD74590412A0}"
EndProject
Project("{FAE04EC0-301F-11D3-BF4B-00C04F79EFBC}") = "Test.Api", "Modules\Test.Api\Test.Api.csproj", "{837A1770-BBBD-4B8B-ABC5-912928C4B645}"
EndProject
Project("{FAE04EC0-301F-11D3-BF4B-00C04F79EFBC}") = "DataAccess.EntityFramework", "Modules\DataAccess.EntityFramework\DataAccess.EntityFramework.csproj", "{649C195C-64ED-45F7-9C52-C43E629785FB}"
EndProject
Global
	GlobalSection(SolutionConfigurationPlatforms) = preSolution
		Debug|Any CPU = Debug|Any CPU
		Release|Any CPU = Release|Any CPU
	EndGlobalSection
	GlobalSection(ProjectConfigurationPlatforms) = postSolution
		{54B04E29-27FD-4C60-B768-A271E9368D82}.Debug|Any CPU.ActiveCfg = Debug|Any CPU
		{54B04E29-27FD-4C60-B768-A271E9368D82}.Debug|Any CPU.Build.0 = Debug|Any CPU
		{54B04E29-27FD-4C60-B768-A271E9368D82}.Release|Any CPU.ActiveCfg = Release|Any CPU
		{54B04E29-27FD-4C60-B768-A271E9368D82}.Release|Any CPU.Build.0 = Release|Any CPU
		{6A9E2CC6-F4B7-452B-8461-D0348B294D44}.Debug|Any CPU.ActiveCfg = Debug|Any CPU
		{6A9E2CC6-F4B7-452B-8461-D0348B294D44}.Debug|Any CPU.Build.0 = Debug|Any CPU
		{6A9E2CC6-F4B7-452B-8461-D0348B294D44}.Release|Any CPU.ActiveCfg = Release|Any CPU
		{6A9E2CC6-F4B7-452B-8461-D0348B294D44}.Release|Any CPU.Build.0 = Release|Any CPU
		{39A32FDC-5846-46AF-92AC-03E1340DE7B6}.Debug|Any CPU.ActiveCfg = Debug|Any CPU
		{39A32FDC-5846-46AF-92AC-03E1340DE7B6}.Debug|Any CPU.Build.0 = Debug|Any CPU
		{39A32FDC-5846-46AF-92AC-03E1340DE7B6}.Release|Any CPU.ActiveCfg = Release|Any CPU
		{39A32FDC-5846-46AF-92AC-03E1340DE7B6}.Release|Any CPU.Build.0 = Release|Any CPU
		{1F6E165F-5C5A-4B1E-AFF4-5824EB0A2E29}.Debug|Any CPU.ActiveCfg = Debug|Any CPU
		{1F6E165F-5C5A-4B1E-AFF4-5824EB0A2E29}.Debug|Any CPU.Build.0 = Debug|Any CPU
		{1F6E165F-5C5A-4B1E-AFF4-5824EB0A2E29}.Release|Any CPU.ActiveCfg = Release|Any CPU
		{1F6E165F-5C5A-4B1E-AFF4-5824EB0A2E29}.Release|Any CPU.Build.0 = Release|Any CPU
		{33D10043-5F94-4A0A-9C11-6DA21FF8310F}.Debug|Any CPU.ActiveCfg = Debug|Any CPU
		{33D10043-5F94-4A0A-9C11-6DA21FF8310F}.Debug|Any CPU.Build.0 = Debug|Any CPU
		{33D10043-5F94-4A0A-9C11-6DA21FF8310F}.Release|Any CPU.ActiveCfg = Release|Any CPU
		{33D10043-5F94-4A0A-9C11-6DA21FF8310F}.Release|Any CPU.Build.0 = Release|Any CPU
		{25FA79D0-F97F-4394-8E84-562E8B043CE5}.Debug|Any CPU.ActiveCfg = Debug|Any CPU
		{25FA79D0-F97F-4394-8E84-562E8B043CE5}.Debug|Any CPU.Build.0 = Debug|Any CPU
		{25FA79D0-F97F-4394-8E84-562E8B043CE5}.Release|Any CPU.ActiveCfg = Release|Any CPU
		{25FA79D0-F97F-4394-8E84-562E8B043CE5}.Release|Any CPU.Build.0 = Release|Any CPU
		{168E7C2A-6CAC-4CCC-AFBD-7F123FC43E31}.Debug|Any CPU.ActiveCfg = Debug|Any CPU
		{168E7C2A-6CAC-4CCC-AFBD-7F123FC43E31}.Debug|Any CPU.Build.0 = Debug|Any CPU
		{168E7C2A-6CAC-4CCC-AFBD-7F123FC43E31}.Release|Any CPU.ActiveCfg = Release|Any CPU
		{168E7C2A-6CAC-4CCC-AFBD-7F123FC43E31}.Release|Any CPU.Build.0 = Release|Any CPU
		{B553DF51-FE08-49E9-8A76-20570DF71B5E}.Debug|Any CPU.ActiveCfg = Debug|Any CPU
		{B553DF51-FE08-49E9-8A76-20570DF71B5E}.Debug|Any CPU.Build.0 = Debug|Any CPU
		{B553DF51-FE08-49E9-8A76-20570DF71B5E}.Release|Any CPU.ActiveCfg = Release|Any CPU
		{B553DF51-FE08-49E9-8A76-20570DF71B5E}.Release|Any CPU.Build.0 = Release|Any CPU
		{E5845FF6-CBAD-433A-A739-EA800F37BC7F}.Debug|Any CPU.ActiveCfg = Debug|Any CPU
		{E5845FF6-CBAD-433A-A739-EA800F37BC7F}.Debug|Any CPU.Build.0 = Debug|Any CPU
		{E5845FF6-CBAD-433A-A739-EA800F37BC7F}.Release|Any CPU.ActiveCfg = Release|Any CPU
		{E5845FF6-CBAD-433A-A739-EA800F37BC7F}.Release|Any CPU.Build.0 = Release|Any CPU
		{6EEA9FC6-FD50-4477-A428-6832160EE569}.Debug|Any CPU.ActiveCfg = Debug|Any CPU
		{6EEA9FC6-FD50-4477-A428-6832160EE569}.Debug|Any CPU.Build.0 = Debug|Any CPU
		{6EEA9FC6-FD50-4477-A428-6832160EE569}.Release|Any CPU.ActiveCfg = Release|Any CPU
		{6EEA9FC6-FD50-4477-A428-6832160EE569}.Release|Any CPU.Build.0 = Release|Any CPU
		{96C860FA-1B1E-4D1D-A6F2-EF08E8674920}.Debug|Any CPU.ActiveCfg = Debug|Any CPU
		{96C860FA-1B1E-4D1D-A6F2-EF08E8674920}.Debug|Any CPU.Build.0 = Debug|Any CPU
		{96C860FA-1B1E-4D1D-A6F2-EF08E8674920}.Release|Any CPU.ActiveCfg = Release|Any CPU
		{96C860FA-1B1E-4D1D-A6F2-EF08E8674920}.Release|Any CPU.Build.0 = Release|Any CPU
		{5AE81410-00A5-498F-98DD-1EAC0DC7F62E}.Debug|Any CPU.ActiveCfg = Debug|Any CPU
		{5AE81410-00A5-498F-98DD-1EAC0DC7F62E}.Debug|Any CPU.Build.0 = Debug|Any CPU
		{5AE81410-00A5-498F-98DD-1EAC0DC7F62E}.Release|Any CPU.ActiveCfg = Release|Any CPU
		{5AE81410-00A5-498F-98DD-1EAC0DC7F62E}.Release|Any CPU.Build.0 = Release|Any CPU
		{04956563-F049-4503-974D-7EC8DB246E84}.Debug|Any CPU.ActiveCfg = Debug|Any CPU
		{04956563-F049-4503-974D-7EC8DB246E84}.Debug|Any CPU.Build.0 = Debug|Any CPU
		{04956563-F049-4503-974D-7EC8DB246E84}.Release|Any CPU.ActiveCfg = Release|Any CPU
		{04956563-F049-4503-974D-7EC8DB246E84}.Release|Any CPU.Build.0 = Release|Any CPU
		{0A093994-A3E6-479C-BDB0-0560D318D424}.Debug|Any CPU.ActiveCfg = Debug|Any CPU
		{0A093994-A3E6-479C-BDB0-0560D318D424}.Debug|Any CPU.Build.0 = Debug|Any CPU
		{0A093994-A3E6-479C-BDB0-0560D318D424}.Release|Any CPU.ActiveCfg = Release|Any CPU
		{0A093994-A3E6-479C-BDB0-0560D318D424}.Release|Any CPU.Build.0 = Release|Any CPU
		{C12B52D3-D0D8-4344-BF61-1C7CEB80EC64}.Debug|Any CPU.ActiveCfg = Debug|Any CPU
		{C12B52D3-D0D8-4344-BF61-1C7CEB80EC64}.Debug|Any CPU.Build.0 = Debug|Any CPU
		{C12B52D3-D0D8-4344-BF61-1C7CEB80EC64}.Release|Any CPU.ActiveCfg = Release|Any CPU
		{C12B52D3-D0D8-4344-BF61-1C7CEB80EC64}.Release|Any CPU.Build.0 = Release|Any CPU
		{A584F8D8-F296-4EE3-8216-55B1EC7CFF85}.Debug|Any CPU.ActiveCfg = Debug|Any CPU
		{A584F8D8-F296-4EE3-8216-55B1EC7CFF85}.Debug|Any CPU.Build.0 = Debug|Any CPU
		{A584F8D8-F296-4EE3-8216-55B1EC7CFF85}.Release|Any CPU.ActiveCfg = Release|Any CPU
		{A584F8D8-F296-4EE3-8216-55B1EC7CFF85}.Release|Any CPU.Build.0 = Release|Any CPU
		{BF9BA36A-8F87-4EB0-BBBA-AE0A18B867CD}.Debug|Any CPU.ActiveCfg = Debug|Any CPU
		{BF9BA36A-8F87-4EB0-BBBA-AE0A18B867CD}.Debug|Any CPU.Build.0 = Debug|Any CPU
		{BF9BA36A-8F87-4EB0-BBBA-AE0A18B867CD}.Release|Any CPU.ActiveCfg = Release|Any CPU
		{BF9BA36A-8F87-4EB0-BBBA-AE0A18B867CD}.Release|Any CPU.Build.0 = Release|Any CPU
		{A2C1EE02-85B4-402D-B9FC-7108D78505DC}.Debug|Any CPU.ActiveCfg = Debug|Any CPU
		{A2C1EE02-85B4-402D-B9FC-7108D78505DC}.Debug|Any CPU.Build.0 = Debug|Any CPU
		{A2C1EE02-85B4-402D-B9FC-7108D78505DC}.Release|Any CPU.ActiveCfg = Release|Any CPU
		{A2C1EE02-85B4-402D-B9FC-7108D78505DC}.Release|Any CPU.Build.0 = Release|Any CPU
		{96093DD9-5D07-44B3-9BF5-BE099E8EAF91}.Debug|Any CPU.ActiveCfg = Debug|Any CPU
		{96093DD9-5D07-44B3-9BF5-BE099E8EAF91}.Debug|Any CPU.Build.0 = Debug|Any CPU
		{96093DD9-5D07-44B3-9BF5-BE099E8EAF91}.Release|Any CPU.ActiveCfg = Release|Any CPU
		{96093DD9-5D07-44B3-9BF5-BE099E8EAF91}.Release|Any CPU.Build.0 = Release|Any CPU
		{8B3D2F61-04BF-422F-B466-FD74590412A0}.Debug|Any CPU.ActiveCfg = Debug|Any CPU
		{8B3D2F61-04BF-422F-B466-FD74590412A0}.Debug|Any CPU.Build.0 = Debug|Any CPU
		{8B3D2F61-04BF-422F-B466-FD74590412A0}.Release|Any CPU.ActiveCfg = Release|Any CPU
		{8B3D2F61-04BF-422F-B466-FD74590412A0}.Release|Any CPU.Build.0 = Release|Any CPU
		{837A1770-BBBD-4B8B-ABC5-912928C4B645}.Debug|Any CPU.ActiveCfg = Debug|Any CPU
		{837A1770-BBBD-4B8B-ABC5-912928C4B645}.Debug|Any CPU.Build.0 = Debug|Any CPU
		{837A1770-BBBD-4B8B-ABC5-912928C4B645}.Release|Any CPU.ActiveCfg = Release|Any CPU
		{837A1770-BBBD-4B8B-ABC5-912928C4B645}.Release|Any CPU.Build.0 = Release|Any CPU
		{649C195C-64ED-45F7-9C52-C43E629785FB}.Debug|Any CPU.ActiveCfg = Debug|Any CPU
		{649C195C-64ED-45F7-9C52-C43E629785FB}.Debug|Any CPU.Build.0 = Debug|Any CPU
		{649C195C-64ED-45F7-9C52-C43E629785FB}.Release|Any CPU.ActiveCfg = Release|Any CPU
		{649C195C-64ED-45F7-9C52-C43E629785FB}.Release|Any CPU.Build.0 = Release|Any CPU
	EndGlobalSection
	GlobalSection(SolutionProperties) = preSolution
		HideSolutionNode = FALSE
	EndGlobalSection
	GlobalSection(NestedProjects) = preSolution
		{1F6E165F-5C5A-4B1E-AFF4-5824EB0A2E29} = {765D12D8-3CE5-4292-B159-81A6DF3869C7}
		{33D10043-5F94-4A0A-9C11-6DA21FF8310F} = {765D12D8-3CE5-4292-B159-81A6DF3869C7}
		{25FA79D0-F97F-4394-8E84-562E8B043CE5} = {C01667ED-90ED-4F1E-9356-18F76E16BDFE}
		{168E7C2A-6CAC-4CCC-AFBD-7F123FC43E31} = {C01667ED-90ED-4F1E-9356-18F76E16BDFE}
		{B553DF51-FE08-49E9-8A76-20570DF71B5E} = {C01667ED-90ED-4F1E-9356-18F76E16BDFE}
		{E5845FF6-CBAD-433A-A739-EA800F37BC7F} = {C01667ED-90ED-4F1E-9356-18F76E16BDFE}
		{39A32FDC-5846-46AF-92AC-03E1340DE7B6} = {C01667ED-90ED-4F1E-9356-18F76E16BDFE}
		{96C860FA-1B1E-4D1D-A6F2-EF08E8674920} = {C01667ED-90ED-4F1E-9356-18F76E16BDFE}
		{5AE81410-00A5-498F-98DD-1EAC0DC7F62E} = {C01667ED-90ED-4F1E-9356-18F76E16BDFE}
		{04956563-F049-4503-974D-7EC8DB246E84} = {C01667ED-90ED-4F1E-9356-18F76E16BDFE}
		{54B04E29-27FD-4C60-B768-A271E9368D82} = {604765A9-BB32-4E7F-9A49-978799315BA8}
		{6EEA9FC6-FD50-4477-A428-6832160EE569} = {604765A9-BB32-4E7F-9A49-978799315BA8}
		{6A9E2CC6-F4B7-452B-8461-D0348B294D44} = {604765A9-BB32-4E7F-9A49-978799315BA8}
		{0A093994-A3E6-479C-BDB0-0560D318D424} = {604765A9-BB32-4E7F-9A49-978799315BA8}
		{C12B52D3-D0D8-4344-BF61-1C7CEB80EC64} = {C01667ED-90ED-4F1E-9356-18F76E16BDFE}
		{A584F8D8-F296-4EE3-8216-55B1EC7CFF85} = {C01667ED-90ED-4F1E-9356-18F76E16BDFE}
		{BF9BA36A-8F87-4EB0-BBBA-AE0A18B867CD} = {C01667ED-90ED-4F1E-9356-18F76E16BDFE}
		{A2C1EE02-85B4-402D-B9FC-7108D78505DC} = {C01667ED-90ED-4F1E-9356-18F76E16BDFE}
		{96093DD9-5D07-44B3-9BF5-BE099E8EAF91} = {C01667ED-90ED-4F1E-9356-18F76E16BDFE}
		{8B3D2F61-04BF-422F-B466-FD74590412A0} = {C01667ED-90ED-4F1E-9356-18F76E16BDFE}
		{837A1770-BBBD-4B8B-ABC5-912928C4B645} = {C01667ED-90ED-4F1E-9356-18F76E16BDFE}
		{649C195C-64ED-45F7-9C52-C43E629785FB} = {C01667ED-90ED-4F1E-9356-18F76E16BDFE}
	EndGlobalSection
	GlobalSection(ExtensibilityGlobals) = postSolution
		SolutionGuid = {4714F856-F59A-40D3-BC6D-D2316FA86A03}
	EndGlobalSection
EndGlobal
