Microsoft Visual Studio Solution File, Format Version 12.00
# Visual Studio Version 16
VisualStudioVersion = 16.0.29326.143
MinimumVisualStudioVersion = 10.0.40219.1
Project("{2150E333-8FDC-42A3-9474-1A3956D46DE8}") = "Solution Items", "Solution Items", "{9A9C8A2A-503B-4C46-962A-D347E23CD4A8}"
	ProjectSection(SolutionItems) = preProject
		ruleset.ruleset = ruleset.ruleset
	EndProjectSection
EndProject
Project("{2150E333-8FDC-42A3-9474-1A3956D46DE8}") = "Common", "Common", "{D1C13AB4-4366-49FC-B4A8-889EEFD4A733}"
EndProject
Project("{9A19103F-16F7-4668-BE54-9A1E7A4F7556}") = "Basics", "Common\Basics\Basics.csproj", "{54B04E29-27FD-4C60-B768-A271E9368D82}"
EndProject
Project("{9A19103F-16F7-4668-BE54-9A1E7A4F7556}") = "AutoRegistration.Api", "Common\AutoRegistration.Api\AutoRegistration.Api.csproj", "{39A32FDC-5846-46AF-92AC-03E1340DE7B6}"
EndProject
Project("{FAE04EC0-301F-11D3-BF4B-00C04F79EFBC}") = "CompositionRoot", "Common\CompositionRoot\CompositionRoot.csproj", "{96C860FA-1B1E-4D1D-A6F2-EF08E8674920}"
EndProject
Project("{FAE04EC0-301F-11D3-BF4B-00C04F79EFBC}") = "CrossCuttingConcerns", "Common\CrossCuttingConcerns\CrossCuttingConcerns.csproj", "{DA27E3A0-6B1F-4EBE-94B3-396C3079CDB4}"
EndProject
Project("{2150E333-8FDC-42A3-9474-1A3956D46DE8}") = "Modules", "Modules", "{C01667ED-90ED-4F1E-9356-18F76E16BDFE}"
EndProject
Project("{9A19103F-16F7-4668-BE54-9A1E7A4F7556}") = "CliArgumentsParser", "Modules\CliArgumentsParser\CliArgumentsParser.csproj", "{25FA79D0-F97F-4394-8E84-562E8B043CE5}"
EndProject
Project("{FAE04EC0-301F-11D3-BF4B-00C04F79EFBC}") = "DataImport", "Modules\DataImport\DataImport.csproj", "{C12B52D3-D0D8-4344-BF61-1C7CEB80EC64}"
EndProject
Project("{FAE04EC0-301F-11D3-BF4B-00C04F79EFBC}") = "DataExport", "Modules\DataExport\DataExport.csproj", "{C25EED65-1D46-423B-B1E5-F90D00E602DC}"
EndProject
Project("{FAE04EC0-301F-11D3-BF4B-00C04F79EFBC}") = "DataAccess.Api", "Modules\DataAccess.Api\DataAccess.Api.csproj", "{A2C1EE02-85B4-402D-B9FC-7108D78505DC}"
EndProject
Project("{FAE04EC0-301F-11D3-BF4B-00C04F79EFBC}") = "DataAccess.Api.Sql", "Modules\DataAccess.Api.Sql\DataAccess.Api.Sql.csproj", "{F1467F27-C46C-4DA7-87E5-1B40BB0674B3}"
EndProject
Project("{FAE04EC0-301F-11D3-BF4B-00C04F79EFBC}") = "DataAccess.Orm", "Modules\DataAccess.Orm\DataAccess.Orm.csproj", "{649C195C-64ED-45F7-9C52-C43E629785FB}"
EndProject
Project("{FAE04EC0-301F-11D3-BF4B-00C04F79EFBC}") = "DataAccess.Orm.Sql", "Modules\DataAccess.Orm.Sql\DataAccess.Orm.Sql.csproj", "{374CF98E-55C9-4493-9210-9175F55FD4BD}"
EndProject
Project("{FAE04EC0-301F-11D3-BF4B-00C04F79EFBC}") = "DataAccess.Orm.PostgreSql", "Modules\DataAccess.Orm.PostgreSql\DataAccess.Orm.PostgreSql.csproj", "{53D32B77-0EE7-4EB0-ADEE-529E2A600E86}"
EndProject
Project("{FAE04EC0-301F-11D3-BF4B-00C04F79EFBC}") = "DataAccess.Orm.Host", "Modules\DataAccess.Orm.Host\DataAccess.Orm.Host.csproj", "{436E9CD8-14B8-4BA8-80D0-7CB67BFAA73A}"
EndProject
Project("{FAE04EC0-301F-11D3-BF4B-00C04F79EFBC}") = "DataAccess.Orm.Sql.Host", "Modules\DataAccess.Orm.Sql.Host\DataAccess.Orm.Sql.Host.csproj", "{EEECFEB9-C287-4C1A-A074-CBEF52601A72}"
EndProject
Project("{FAE04EC0-301F-11D3-BF4B-00C04F79EFBC}") = "DataAccess.Orm.PortgreSql.Host", "Modules\DataAccess.Orm.PortgreSql.Host\DataAccess.Orm.PortgreSql.Host.csproj", "{ACEA82EB-1DBA-4A06-B3BB-5000B67FEC81}"
EndProject
Project("{FAE04EC0-301F-11D3-BF4B-00C04F79EFBC}") = "Dynamic", "Modules\Dynamic\Dynamic.csproj", "{AD537FBF-58EC-472A-B770-50FFCFB962CC}"
EndProject
Project("{FAE04EC0-301F-11D3-BF4B-00C04F79EFBC}") = "GenericDomain.Api", "Modules\GenericDomain.Api\GenericDomain.Api.csproj", "{7AAB33F4-ADE8-44E2-A9F1-AF28D8B3E0CB}"
EndProject
Project("{FAE04EC0-301F-11D3-BF4B-00C04F79EFBC}") = "GenericDomain.EventSourcing", "Modules\GenericDomain.EventSourcing\GenericDomain.EventSourcing.csproj", "{FD8E0921-B348-4404-8388-078EC8A38852}"
EndProject
Project("{FAE04EC0-301F-11D3-BF4B-00C04F79EFBC}") = "GenericDomain.EventSourcing.Sql", "Modules\GenericDomain.EventSourcing.Sql\GenericDomain.EventSourcing.Sql.csproj", "{FCFFB3E4-F4C3-4460-A40B-AAE5A0858786}"
EndProject
Project("{FAE04EC0-301F-11D3-BF4B-00C04F79EFBC}") = "GenericHost.Api", "Modules\GenericHost.Api\GenericHost.Api.csproj", "{C75DBBFD-0981-4B04-BBBE-87D6A4E5DF3B}"
EndProject
Project("{FAE04EC0-301F-11D3-BF4B-00C04F79EFBC}") = "GenericHost", "Modules\GenericHost\GenericHost.csproj", "{BF9BA36A-8F87-4EB0-BBBA-AE0A18B867CD}"
EndProject
Project("{FAE04EC0-301F-11D3-BF4B-00C04F79EFBC}") = "JwtAuthentication", "Modules\JwtAuthentication\JwtAuthentication.csproj", "{D99B443A-1CA5-44EB-8DF7-7E5EAAA867E6}"
EndProject
Project("{2150E333-8FDC-42A3-9474-1A3956D46DE8}") = "Endpoints", "Endpoints", "{71BD7EAD-1AFD-4BFC-A38D-80BD47A31470}"
EndProject
Project("{FAE04EC0-301F-11D3-BF4B-00C04F79EFBC}") = "GenericEndpoint", "Endpoints\GenericEndpoint\GenericEndpoint.csproj", "{5AE81410-00A5-498F-98DD-1EAC0DC7F62E}"
EndProject
Project("{FAE04EC0-301F-11D3-BF4B-00C04F79EFBC}") = "GenericEndpoint.Contract", "Endpoints\GenericEndpoint.Contract\GenericEndpoint.Contract.csproj", "{96093DD9-5D07-44B3-9BF5-BE099E8EAF91}"
EndProject
Project("{FAE04EC0-301F-11D3-BF4B-00C04F79EFBC}") = "GenericEndpoint.Api", "Endpoints\GenericEndpoint.Api\GenericEndpoint.Api.csproj", "{171FF463-E0DF-4B35-BB2F-6EEE1DACFD96}"
EndProject
Project("{FAE04EC0-301F-11D3-BF4B-00C04F79EFBC}") = "GenericEndpoint.Messaging", "Endpoints\GenericEndpoint.Messaging\GenericEndpoint.Messaging.csproj", "{24733B4A-F9D1-43E2-8900-08B19E5516F2}"
EndProject
Project("{FAE04EC0-301F-11D3-BF4B-00C04F79EFBC}") = "GenericEndpoint.DataAccess", "Endpoints\GenericEndpoint.DataAccess\GenericEndpoint.DataAccess.csproj", "{9C1F2333-2934-48CB-8600-43AE14AAF4C7}"
EndProject
Project("{FAE04EC0-301F-11D3-BF4B-00C04F79EFBC}") = "GenericEndpoint.EventSourcing", "Endpoints\GenericEndpoint.EventSourcing\GenericEndpoint.EventSourcing.csproj", "{C5C6A955-EE7E-4476-BFE1-11A4274F202C}"
EndProject
Project("{FAE04EC0-301F-11D3-BF4B-00C04F79EFBC}") = "GenericEndpoint.Authorization", "Endpoints\GenericEndpoint.Authorization\GenericEndpoint.Authorization.csproj", "{4EC8E902-24D7-4EC0-B886-AC76E9C73A54}"
EndProject
Project("{FAE04EC0-301F-11D3-BF4B-00C04F79EFBC}") = "GenericEndpoint.Host", "Endpoints\GenericEndpoint.Host\GenericEndpoint.Host.csproj", "{13D73582-68CF-43A1-B340-59BDB56AF69F}"
EndProject
Project("{FAE04EC0-301F-11D3-BF4B-00C04F79EFBC}") = "GenericEndpoint.DataAccess.Host", "Endpoints\GenericEndpoint.DataAccess.Host\GenericEndpoint.DataAccess.Host.csproj", "{1FCF0008-7443-460A-9467-0C1214875405}"
EndProject
Project("{FAE04EC0-301F-11D3-BF4B-00C04F79EFBC}") = "GenericEndpoint.EventSourcing.Host", "Endpoints\GenericEndpoint.EventSourcing.Host\GenericEndpoint.EventSourcing.Host.csproj", "{E3535BD7-4428-4289-9227-59154227FC08}"
EndProject
Project("{FAE04EC0-301F-11D3-BF4B-00C04F79EFBC}") = "GenericEndpoint.Authorization.Host", "Endpoints\GenericEndpoint.Authorization.Host\GenericEndpoint.Authorization.Host.csproj", "{C8EAFDC7-76E5-4022-9A23-795FD1C60027}"
EndProject
Project("{FAE04EC0-301F-11D3-BF4B-00C04F79EFBC}") = "GenericEndpoint.TestExtensions", "Endpoints\GenericEndpoint.TestExtensions\GenericEndpoint.TestExtensions.csproj", "{8B3D2F61-04BF-422F-B466-FD74590412A0}"
EndProject
Project("{FAE04EC0-301F-11D3-BF4B-00C04F79EFBC}") = "IntegrationTransport.Api", "Endpoints\IntegrationTransport.Api\IntegrationTransport.Api.csproj", "{5BB27AD8-320C-4CB3-AEE5-707993A9488F}"
EndProject
Project("{FAE04EC0-301F-11D3-BF4B-00C04F79EFBC}") = "IntegrationTransport", "Endpoints\IntegrationTransport\IntegrationTransport.csproj", "{D0E35C0F-17D6-4B8A-976D-9238DB536DE5}"
EndProject
Project("{FAE04EC0-301F-11D3-BF4B-00C04F79EFBC}") = "IntegrationTransport.InMemory", "Endpoints\IntegrationTransport.InMemory\IntegrationTransport.InMemory.csproj", "{0EBE59EB-C382-4D85-843C-0888D12F4550}"
EndProject
Project("{FAE04EC0-301F-11D3-BF4B-00C04F79EFBC}") = "IntegrationTransport.RabbitMQ", "Endpoints\IntegrationTransport.RabbitMQ\IntegrationTransport.RabbitMQ.csproj", "{C55BED7D-0156-4D6A-A6B7-8CA121501EF0}"
EndProject
Project("{FAE04EC0-301F-11D3-BF4B-00C04F79EFBC}") = "IntegrationTransport.Host", "Endpoints\IntegrationTransport.Host\IntegrationTransport.Host.csproj", "{48D0B88E-F988-4ECE-B9D8-055ACE83B321}"
EndProject
Project("{FAE04EC0-301F-11D3-BF4B-00C04F79EFBC}") = "IntegrationTransport.WebHost", "Endpoints\IntegrationTransport.WebHost\IntegrationTransport.WebHost.csproj", "{8582A6FB-23FF-4A91-AA41-5961C22D4AD4}"
EndProject
Project("{FAE04EC0-301F-11D3-BF4B-00C04F79EFBC}") = "AuthEndpoint.Domain", "Endpoints\AuthEndpoint.Domain\AuthEndpoint.Domain.csproj", "{E1777D39-92A3-4D4F-9686-458C951B6746}"
EndProject
Project("{FAE04EC0-301F-11D3-BF4B-00C04F79EFBC}") = "AuthEndpoint.Contract", "Endpoints\AuthEndpoint.Contract\AuthEndpoint.Contract.csproj", "{BE09C24F-8AAF-4472-B19A-BA4CA0D99DE5}"
EndProject
Project("{FAE04EC0-301F-11D3-BF4B-00C04F79EFBC}") = "AuthEndpoint", "Endpoints\AuthEndpoint\AuthEndpoint.csproj", "{A2FA802C-6907-4CC6-84A9-30AB06696041}"
EndProject
Project("{FAE04EC0-301F-11D3-BF4B-00C04F79EFBC}") = "AuthEndpoint.Host", "Endpoints\AuthEndpoint.Host\AuthEndpoint.Host.csproj", "{FB937119-26D2-4903-BCF1-CF882B576EA8}"
EndProject
Project("{FAE04EC0-301F-11D3-BF4B-00C04F79EFBC}") = "Web.Api", "Modules\Web.Api\Web.Api.csproj", "{2105579A-DC0D-4812-9CBA-2FECDDEFAF53}"
EndProject
Project("{FAE04EC0-301F-11D3-BF4B-00C04F79EFBC}") = "Web.Api.Host", "Modules\Web.Api.Host\Web.Api.Host.csproj", "{D87170FB-E5F3-4952-96DF-9EC464B92414}"
EndProject
Project("{FAE04EC0-301F-11D3-BF4B-00C04F79EFBC}") = "Web.Auth", "Modules\Web.Auth\Web.Auth.csproj", "{8B75E379-6E63-44D6-A807-3B0886B4A1F4}"
EndProject
Project("{2150E333-8FDC-42A3-9474-1A3956D46DE8}") = "Roslyn", "Roslyn", "{765D12D8-3CE5-4292-B159-81A6DF3869C7}"
EndProject
Project("{FAE04EC0-301F-11D3-BF4B-00C04F79EFBC}") = "Analyzers.Api", "Roslyn\Analyzers.Api\Analyzers.Api.csproj", "{6EEA9FC6-FD50-4477-A428-6832160EE569}"
EndProject
Project("{9A19103F-16F7-4668-BE54-9A1E7A4F7556}") = "AutoRegistration.Api.Analyzers", "Roslyn\AutoRegistration.Api.Analyzers\AutoRegistration.Api.Analyzers.csproj", "{1F6E165F-5C5A-4B1E-AFF4-5824EB0A2E29}"
EndProject
Project("{2150E333-8FDC-42A3-9474-1A3956D46DE8}") = "Tests", "Tests", "{F538AAD9-062F-4F86-BFC5-7A93908EF88E}"
EndProject
Project("{FAE04EC0-301F-11D3-BF4B-00C04F79EFBC}") = "Test.Api", "Tests\Test.Api\Test.Api.csproj", "{837A1770-BBBD-4B8B-ABC5-912928C4B645}"
EndProject
Project("{9A19103F-16F7-4668-BE54-9A1E7A4F7556}") = "Basics.Test", "Tests\Basics.Test\Basics.Test.csproj", "{6A9E2CC6-F4B7-452B-8461-D0348B294D44}"
EndProject
Project("{FAE04EC0-301F-11D3-BF4B-00C04F79EFBC}") = "CompositionRoot.Test", "Tests\CompositionRoot.Test\CompositionRoot.Test.csproj", "{E9D81CE6-7A7B-4EA5-BEBA-BA35421D8B05}"
EndProject
Project("{9A19103F-16F7-4668-BE54-9A1E7A4F7556}") = "Modules.Test", "Tests\Modules.Test\Modules.Test.csproj", "{E5845FF6-CBAD-433A-A739-EA800F37BC7F}"
EndProject
Project("{FAE04EC0-301F-11D3-BF4B-00C04F79EFBC}") = "GenericHost.Test", "Tests\GenericHost.Test\GenericHost.Test.csproj", "{07EE6D9F-B79E-4252-8F5B-00E5D6224A16}"
EndProject
Project("{9A19103F-16F7-4668-BE54-9A1E7A4F7556}") = "Roslyn.Test", "Tests\Roslyn.Test\Roslyn.Test.csproj", "{33D10043-5F94-4A0A-9C11-6DA21FF8310F}"
EndProject
Project("{FAE04EC0-301F-11D3-BF4B-00C04F79EFBC}") = "Test.WebApplication", "Tests\Test.WebApplication\Test.WebApplication.csproj", "{6B51A583-D6A5-4D1B-9DD7-F83C247546B6}"
EndProject
Project("{FAE04EC0-301F-11D3-BF4B-00C04F79EFBC}") = "WebApplication.Test", "Tests\WebApplication.Test\WebApplication.Test.csproj", "{2F15D936-A2FF-451D-B47B-5CFE6F13DCD7}"
EndProject
Project("{2150E333-8FDC-42A3-9474-1A3956D46DE8}") = "Benchmarks", "Benchmarks", "{CAB2EF9F-1D44-4B12-AA3D-BE2E508E0351}"
EndProject
Project("{FAE04EC0-301F-11D3-BF4B-00C04F79EFBC}") = "Benchmark.Api", "Benchmarks\Benchmark.Api\Benchmark.Api.csproj", "{220266BC-E486-4D32-A470-5913CB3C9228}"
EndProject
Project("{FAE04EC0-301F-11D3-BF4B-00C04F79EFBC}") = "Modules.Benchmark", "Benchmarks\Modules.Benchmark\Modules.Benchmark.csproj", "{6C377719-AD3D-40F7-B8BB-D7F4040B7233}"
EndProject
Project("{FAE04EC0-301F-11D3-BF4B-00C04F79EFBC}") = "GenericHost.Benchmark", "Benchmarks\GenericHost.Benchmark\GenericHost.Benchmark.csproj", "{E6CD349F-A556-4F90-8382-77A4AA0EEA80}"
EndProject
Global
	GlobalSection(SolutionConfigurationPlatforms) = preSolution
		Debug|Any CPU = Debug|Any CPU
		Release|Any CPU = Release|Any CPU
	EndGlobalSection
	GlobalSection(ProjectConfigurationPlatforms) = postSolution
		{54B04E29-27FD-4C60-B768-A271E9368D82}.Debug|Any CPU.ActiveCfg = Debug|Any CPU
		{54B04E29-27FD-4C60-B768-A271E9368D82}.Debug|Any CPU.Build.0 = Debug|Any CPU
		{54B04E29-27FD-4C60-B768-A271E9368D82}.Release|Any CPU.ActiveCfg = Release|Any CPU
		{54B04E29-27FD-4C60-B768-A271E9368D82}.Release|Any CPU.Build.0 = Release|Any CPU
		{6A9E2CC6-F4B7-452B-8461-D0348B294D44}.Debug|Any CPU.ActiveCfg = Debug|Any CPU
		{6A9E2CC6-F4B7-452B-8461-D0348B294D44}.Debug|Any CPU.Build.0 = Debug|Any CPU
		{6A9E2CC6-F4B7-452B-8461-D0348B294D44}.Release|Any CPU.ActiveCfg = Release|Any CPU
		{6A9E2CC6-F4B7-452B-8461-D0348B294D44}.Release|Any CPU.Build.0 = Release|Any CPU
		{39A32FDC-5846-46AF-92AC-03E1340DE7B6}.Debug|Any CPU.ActiveCfg = Debug|Any CPU
		{39A32FDC-5846-46AF-92AC-03E1340DE7B6}.Debug|Any CPU.Build.0 = Debug|Any CPU
		{39A32FDC-5846-46AF-92AC-03E1340DE7B6}.Release|Any CPU.ActiveCfg = Release|Any CPU
		{39A32FDC-5846-46AF-92AC-03E1340DE7B6}.Release|Any CPU.Build.0 = Release|Any CPU
		{1F6E165F-5C5A-4B1E-AFF4-5824EB0A2E29}.Debug|Any CPU.ActiveCfg = Debug|Any CPU
		{1F6E165F-5C5A-4B1E-AFF4-5824EB0A2E29}.Debug|Any CPU.Build.0 = Debug|Any CPU
		{1F6E165F-5C5A-4B1E-AFF4-5824EB0A2E29}.Release|Any CPU.ActiveCfg = Release|Any CPU
		{1F6E165F-5C5A-4B1E-AFF4-5824EB0A2E29}.Release|Any CPU.Build.0 = Release|Any CPU
		{33D10043-5F94-4A0A-9C11-6DA21FF8310F}.Debug|Any CPU.ActiveCfg = Debug|Any CPU
		{33D10043-5F94-4A0A-9C11-6DA21FF8310F}.Release|Any CPU.ActiveCfg = Release|Any CPU
		{33D10043-5F94-4A0A-9C11-6DA21FF8310F}.Release|Any CPU.Build.0 = Release|Any CPU
		{25FA79D0-F97F-4394-8E84-562E8B043CE5}.Debug|Any CPU.ActiveCfg = Debug|Any CPU
		{25FA79D0-F97F-4394-8E84-562E8B043CE5}.Debug|Any CPU.Build.0 = Debug|Any CPU
		{25FA79D0-F97F-4394-8E84-562E8B043CE5}.Release|Any CPU.ActiveCfg = Release|Any CPU
		{25FA79D0-F97F-4394-8E84-562E8B043CE5}.Release|Any CPU.Build.0 = Release|Any CPU
		{E5845FF6-CBAD-433A-A739-EA800F37BC7F}.Debug|Any CPU.ActiveCfg = Debug|Any CPU
		{E5845FF6-CBAD-433A-A739-EA800F37BC7F}.Debug|Any CPU.Build.0 = Debug|Any CPU
		{E5845FF6-CBAD-433A-A739-EA800F37BC7F}.Release|Any CPU.ActiveCfg = Release|Any CPU
		{E5845FF6-CBAD-433A-A739-EA800F37BC7F}.Release|Any CPU.Build.0 = Release|Any CPU
		{6EEA9FC6-FD50-4477-A428-6832160EE569}.Debug|Any CPU.ActiveCfg = Debug|Any CPU
		{6EEA9FC6-FD50-4477-A428-6832160EE569}.Debug|Any CPU.Build.0 = Debug|Any CPU
		{6EEA9FC6-FD50-4477-A428-6832160EE569}.Release|Any CPU.ActiveCfg = Release|Any CPU
		{6EEA9FC6-FD50-4477-A428-6832160EE569}.Release|Any CPU.Build.0 = Release|Any CPU
		{96C860FA-1B1E-4D1D-A6F2-EF08E8674920}.Debug|Any CPU.ActiveCfg = Debug|Any CPU
		{96C860FA-1B1E-4D1D-A6F2-EF08E8674920}.Debug|Any CPU.Build.0 = Debug|Any CPU
		{96C860FA-1B1E-4D1D-A6F2-EF08E8674920}.Release|Any CPU.ActiveCfg = Release|Any CPU
		{96C860FA-1B1E-4D1D-A6F2-EF08E8674920}.Release|Any CPU.Build.0 = Release|Any CPU
		{5AE81410-00A5-498F-98DD-1EAC0DC7F62E}.Debug|Any CPU.ActiveCfg = Debug|Any CPU
		{5AE81410-00A5-498F-98DD-1EAC0DC7F62E}.Debug|Any CPU.Build.0 = Debug|Any CPU
		{5AE81410-00A5-498F-98DD-1EAC0DC7F62E}.Release|Any CPU.ActiveCfg = Release|Any CPU
		{5AE81410-00A5-498F-98DD-1EAC0DC7F62E}.Release|Any CPU.Build.0 = Release|Any CPU
		{C12B52D3-D0D8-4344-BF61-1C7CEB80EC64}.Debug|Any CPU.ActiveCfg = Debug|Any CPU
		{C12B52D3-D0D8-4344-BF61-1C7CEB80EC64}.Debug|Any CPU.Build.0 = Debug|Any CPU
		{C12B52D3-D0D8-4344-BF61-1C7CEB80EC64}.Release|Any CPU.ActiveCfg = Release|Any CPU
		{C12B52D3-D0D8-4344-BF61-1C7CEB80EC64}.Release|Any CPU.Build.0 = Release|Any CPU
		{BF9BA36A-8F87-4EB0-BBBA-AE0A18B867CD}.Debug|Any CPU.ActiveCfg = Debug|Any CPU
		{BF9BA36A-8F87-4EB0-BBBA-AE0A18B867CD}.Debug|Any CPU.Build.0 = Debug|Any CPU
		{BF9BA36A-8F87-4EB0-BBBA-AE0A18B867CD}.Release|Any CPU.ActiveCfg = Release|Any CPU
		{BF9BA36A-8F87-4EB0-BBBA-AE0A18B867CD}.Release|Any CPU.Build.0 = Release|Any CPU
		{A2C1EE02-85B4-402D-B9FC-7108D78505DC}.Debug|Any CPU.ActiveCfg = Debug|Any CPU
		{A2C1EE02-85B4-402D-B9FC-7108D78505DC}.Debug|Any CPU.Build.0 = Debug|Any CPU
		{A2C1EE02-85B4-402D-B9FC-7108D78505DC}.Release|Any CPU.ActiveCfg = Release|Any CPU
		{A2C1EE02-85B4-402D-B9FC-7108D78505DC}.Release|Any CPU.Build.0 = Release|Any CPU
		{96093DD9-5D07-44B3-9BF5-BE099E8EAF91}.Debug|Any CPU.ActiveCfg = Debug|Any CPU
		{96093DD9-5D07-44B3-9BF5-BE099E8EAF91}.Debug|Any CPU.Build.0 = Debug|Any CPU
		{96093DD9-5D07-44B3-9BF5-BE099E8EAF91}.Release|Any CPU.ActiveCfg = Release|Any CPU
		{96093DD9-5D07-44B3-9BF5-BE099E8EAF91}.Release|Any CPU.Build.0 = Release|Any CPU
		{8B3D2F61-04BF-422F-B466-FD74590412A0}.Debug|Any CPU.ActiveCfg = Debug|Any CPU
		{8B3D2F61-04BF-422F-B466-FD74590412A0}.Debug|Any CPU.Build.0 = Debug|Any CPU
		{8B3D2F61-04BF-422F-B466-FD74590412A0}.Release|Any CPU.ActiveCfg = Release|Any CPU
		{8B3D2F61-04BF-422F-B466-FD74590412A0}.Release|Any CPU.Build.0 = Release|Any CPU
		{837A1770-BBBD-4B8B-ABC5-912928C4B645}.Debug|Any CPU.ActiveCfg = Debug|Any CPU
		{837A1770-BBBD-4B8B-ABC5-912928C4B645}.Debug|Any CPU.Build.0 = Debug|Any CPU
		{837A1770-BBBD-4B8B-ABC5-912928C4B645}.Release|Any CPU.ActiveCfg = Release|Any CPU
		{837A1770-BBBD-4B8B-ABC5-912928C4B645}.Release|Any CPU.Build.0 = Release|Any CPU
		{649C195C-64ED-45F7-9C52-C43E629785FB}.Debug|Any CPU.ActiveCfg = Debug|Any CPU
		{649C195C-64ED-45F7-9C52-C43E629785FB}.Debug|Any CPU.Build.0 = Debug|Any CPU
		{649C195C-64ED-45F7-9C52-C43E629785FB}.Release|Any CPU.ActiveCfg = Release|Any CPU
		{649C195C-64ED-45F7-9C52-C43E629785FB}.Release|Any CPU.Build.0 = Release|Any CPU
		{9C1F2333-2934-48CB-8600-43AE14AAF4C7}.Debug|Any CPU.ActiveCfg = Debug|Any CPU
		{9C1F2333-2934-48CB-8600-43AE14AAF4C7}.Debug|Any CPU.Build.0 = Debug|Any CPU
		{9C1F2333-2934-48CB-8600-43AE14AAF4C7}.Release|Any CPU.ActiveCfg = Release|Any CPU
		{9C1F2333-2934-48CB-8600-43AE14AAF4C7}.Release|Any CPU.Build.0 = Release|Any CPU
		{DA27E3A0-6B1F-4EBE-94B3-396C3079CDB4}.Debug|Any CPU.ActiveCfg = Debug|Any CPU
		{DA27E3A0-6B1F-4EBE-94B3-396C3079CDB4}.Debug|Any CPU.Build.0 = Debug|Any CPU
		{DA27E3A0-6B1F-4EBE-94B3-396C3079CDB4}.Release|Any CPU.ActiveCfg = Release|Any CPU
		{DA27E3A0-6B1F-4EBE-94B3-396C3079CDB4}.Release|Any CPU.Build.0 = Release|Any CPU
		{53D32B77-0EE7-4EB0-ADEE-529E2A600E86}.Debug|Any CPU.ActiveCfg = Debug|Any CPU
		{53D32B77-0EE7-4EB0-ADEE-529E2A600E86}.Debug|Any CPU.Build.0 = Debug|Any CPU
		{53D32B77-0EE7-4EB0-ADEE-529E2A600E86}.Release|Any CPU.ActiveCfg = Release|Any CPU
		{53D32B77-0EE7-4EB0-ADEE-529E2A600E86}.Release|Any CPU.Build.0 = Release|Any CPU
		{C75DBBFD-0981-4B04-BBBE-87D6A4E5DF3B}.Debug|Any CPU.ActiveCfg = Debug|Any CPU
		{C75DBBFD-0981-4B04-BBBE-87D6A4E5DF3B}.Debug|Any CPU.Build.0 = Debug|Any CPU
		{C75DBBFD-0981-4B04-BBBE-87D6A4E5DF3B}.Release|Any CPU.ActiveCfg = Release|Any CPU
		{C75DBBFD-0981-4B04-BBBE-87D6A4E5DF3B}.Release|Any CPU.Build.0 = Release|Any CPU
		{171FF463-E0DF-4B35-BB2F-6EEE1DACFD96}.Debug|Any CPU.ActiveCfg = Debug|Any CPU
		{171FF463-E0DF-4B35-BB2F-6EEE1DACFD96}.Debug|Any CPU.Build.0 = Debug|Any CPU
		{171FF463-E0DF-4B35-BB2F-6EEE1DACFD96}.Release|Any CPU.ActiveCfg = Release|Any CPU
		{171FF463-E0DF-4B35-BB2F-6EEE1DACFD96}.Release|Any CPU.Build.0 = Release|Any CPU
		{24733B4A-F9D1-43E2-8900-08B19E5516F2}.Debug|Any CPU.ActiveCfg = Debug|Any CPU
		{24733B4A-F9D1-43E2-8900-08B19E5516F2}.Debug|Any CPU.Build.0 = Debug|Any CPU
		{24733B4A-F9D1-43E2-8900-08B19E5516F2}.Release|Any CPU.ActiveCfg = Release|Any CPU
		{24733B4A-F9D1-43E2-8900-08B19E5516F2}.Release|Any CPU.Build.0 = Release|Any CPU
		{13D73582-68CF-43A1-B340-59BDB56AF69F}.Debug|Any CPU.ActiveCfg = Debug|Any CPU
		{13D73582-68CF-43A1-B340-59BDB56AF69F}.Debug|Any CPU.Build.0 = Debug|Any CPU
		{13D73582-68CF-43A1-B340-59BDB56AF69F}.Release|Any CPU.ActiveCfg = Release|Any CPU
		{13D73582-68CF-43A1-B340-59BDB56AF69F}.Release|Any CPU.Build.0 = Release|Any CPU
		{0EBE59EB-C382-4D85-843C-0888D12F4550}.Debug|Any CPU.ActiveCfg = Debug|Any CPU
		{0EBE59EB-C382-4D85-843C-0888D12F4550}.Debug|Any CPU.Build.0 = Debug|Any CPU
		{0EBE59EB-C382-4D85-843C-0888D12F4550}.Release|Any CPU.ActiveCfg = Release|Any CPU
		{0EBE59EB-C382-4D85-843C-0888D12F4550}.Release|Any CPU.Build.0 = Release|Any CPU
		{5BB27AD8-320C-4CB3-AEE5-707993A9488F}.Debug|Any CPU.ActiveCfg = Debug|Any CPU
		{5BB27AD8-320C-4CB3-AEE5-707993A9488F}.Debug|Any CPU.Build.0 = Debug|Any CPU
		{5BB27AD8-320C-4CB3-AEE5-707993A9488F}.Release|Any CPU.ActiveCfg = Release|Any CPU
		{5BB27AD8-320C-4CB3-AEE5-707993A9488F}.Release|Any CPU.Build.0 = Release|Any CPU
		{48D0B88E-F988-4ECE-B9D8-055ACE83B321}.Debug|Any CPU.ActiveCfg = Debug|Any CPU
		{48D0B88E-F988-4ECE-B9D8-055ACE83B321}.Debug|Any CPU.Build.0 = Debug|Any CPU
		{48D0B88E-F988-4ECE-B9D8-055ACE83B321}.Release|Any CPU.ActiveCfg = Release|Any CPU
		{48D0B88E-F988-4ECE-B9D8-055ACE83B321}.Release|Any CPU.Build.0 = Release|Any CPU
		{AD537FBF-58EC-472A-B770-50FFCFB962CC}.Debug|Any CPU.ActiveCfg = Debug|Any CPU
		{AD537FBF-58EC-472A-B770-50FFCFB962CC}.Debug|Any CPU.Build.0 = Debug|Any CPU
		{AD537FBF-58EC-472A-B770-50FFCFB962CC}.Release|Any CPU.ActiveCfg = Release|Any CPU
		{AD537FBF-58EC-472A-B770-50FFCFB962CC}.Release|Any CPU.Build.0 = Release|Any CPU
		{6C377719-AD3D-40F7-B8BB-D7F4040B7233}.Debug|Any CPU.ActiveCfg = Debug|Any CPU
		{6C377719-AD3D-40F7-B8BB-D7F4040B7233}.Release|Any CPU.ActiveCfg = Release|Any CPU
		{6C377719-AD3D-40F7-B8BB-D7F4040B7233}.Release|Any CPU.Build.0 = Release|Any CPU
		{220266BC-E486-4D32-A470-5913CB3C9228}.Debug|Any CPU.ActiveCfg = Debug|Any CPU
		{220266BC-E486-4D32-A470-5913CB3C9228}.Release|Any CPU.ActiveCfg = Release|Any CPU
		{220266BC-E486-4D32-A470-5913CB3C9228}.Release|Any CPU.Build.0 = Release|Any CPU
		{7AAB33F4-ADE8-44E2-A9F1-AF28D8B3E0CB}.Debug|Any CPU.ActiveCfg = Debug|Any CPU
		{7AAB33F4-ADE8-44E2-A9F1-AF28D8B3E0CB}.Debug|Any CPU.Build.0 = Debug|Any CPU
		{7AAB33F4-ADE8-44E2-A9F1-AF28D8B3E0CB}.Release|Any CPU.ActiveCfg = Release|Any CPU
		{7AAB33F4-ADE8-44E2-A9F1-AF28D8B3E0CB}.Release|Any CPU.Build.0 = Release|Any CPU
		{374CF98E-55C9-4493-9210-9175F55FD4BD}.Debug|Any CPU.ActiveCfg = Debug|Any CPU
		{374CF98E-55C9-4493-9210-9175F55FD4BD}.Debug|Any CPU.Build.0 = Debug|Any CPU
		{374CF98E-55C9-4493-9210-9175F55FD4BD}.Release|Any CPU.ActiveCfg = Release|Any CPU
		{374CF98E-55C9-4493-9210-9175F55FD4BD}.Release|Any CPU.Build.0 = Release|Any CPU
		{D0E35C0F-17D6-4B8A-976D-9238DB536DE5}.Debug|Any CPU.ActiveCfg = Debug|Any CPU
		{D0E35C0F-17D6-4B8A-976D-9238DB536DE5}.Debug|Any CPU.Build.0 = Debug|Any CPU
		{D0E35C0F-17D6-4B8A-976D-9238DB536DE5}.Release|Any CPU.ActiveCfg = Release|Any CPU
		{D0E35C0F-17D6-4B8A-976D-9238DB536DE5}.Release|Any CPU.Build.0 = Release|Any CPU
		{2105579A-DC0D-4812-9CBA-2FECDDEFAF53}.Debug|Any CPU.ActiveCfg = Debug|Any CPU
		{2105579A-DC0D-4812-9CBA-2FECDDEFAF53}.Debug|Any CPU.Build.0 = Debug|Any CPU
		{2105579A-DC0D-4812-9CBA-2FECDDEFAF53}.Release|Any CPU.ActiveCfg = Release|Any CPU
		{2105579A-DC0D-4812-9CBA-2FECDDEFAF53}.Release|Any CPU.Build.0 = Release|Any CPU
		{8582A6FB-23FF-4A91-AA41-5961C22D4AD4}.Debug|Any CPU.ActiveCfg = Debug|Any CPU
		{8582A6FB-23FF-4A91-AA41-5961C22D4AD4}.Debug|Any CPU.Build.0 = Debug|Any CPU
		{8582A6FB-23FF-4A91-AA41-5961C22D4AD4}.Release|Any CPU.ActiveCfg = Release|Any CPU
		{8582A6FB-23FF-4A91-AA41-5961C22D4AD4}.Release|Any CPU.Build.0 = Release|Any CPU
		{8B75E379-6E63-44D6-A807-3B0886B4A1F4}.Debug|Any CPU.ActiveCfg = Debug|Any CPU
		{8B75E379-6E63-44D6-A807-3B0886B4A1F4}.Debug|Any CPU.Build.0 = Debug|Any CPU
		{8B75E379-6E63-44D6-A807-3B0886B4A1F4}.Release|Any CPU.ActiveCfg = Release|Any CPU
		{8B75E379-6E63-44D6-A807-3B0886B4A1F4}.Release|Any CPU.Build.0 = Release|Any CPU
		{A2FA802C-6907-4CC6-84A9-30AB06696041}.Debug|Any CPU.ActiveCfg = Debug|Any CPU
		{A2FA802C-6907-4CC6-84A9-30AB06696041}.Debug|Any CPU.Build.0 = Debug|Any CPU
		{A2FA802C-6907-4CC6-84A9-30AB06696041}.Release|Any CPU.ActiveCfg = Release|Any CPU
		{A2FA802C-6907-4CC6-84A9-30AB06696041}.Release|Any CPU.Build.0 = Release|Any CPU
		{BE09C24F-8AAF-4472-B19A-BA4CA0D99DE5}.Debug|Any CPU.ActiveCfg = Debug|Any CPU
		{BE09C24F-8AAF-4472-B19A-BA4CA0D99DE5}.Debug|Any CPU.Build.0 = Debug|Any CPU
		{BE09C24F-8AAF-4472-B19A-BA4CA0D99DE5}.Release|Any CPU.ActiveCfg = Release|Any CPU
		{BE09C24F-8AAF-4472-B19A-BA4CA0D99DE5}.Release|Any CPU.Build.0 = Release|Any CPU
		{FB937119-26D2-4903-BCF1-CF882B576EA8}.Debug|Any CPU.ActiveCfg = Debug|Any CPU
		{FB937119-26D2-4903-BCF1-CF882B576EA8}.Debug|Any CPU.Build.0 = Debug|Any CPU
		{FB937119-26D2-4903-BCF1-CF882B576EA8}.Release|Any CPU.ActiveCfg = Release|Any CPU
		{FB937119-26D2-4903-BCF1-CF882B576EA8}.Release|Any CPU.Build.0 = Release|Any CPU
		{6B51A583-D6A5-4D1B-9DD7-F83C247546B6}.Debug|Any CPU.ActiveCfg = Debug|Any CPU
		{6B51A583-D6A5-4D1B-9DD7-F83C247546B6}.Debug|Any CPU.Build.0 = Debug|Any CPU
		{6B51A583-D6A5-4D1B-9DD7-F83C247546B6}.Release|Any CPU.ActiveCfg = Release|Any CPU
		{6B51A583-D6A5-4D1B-9DD7-F83C247546B6}.Release|Any CPU.Build.0 = Release|Any CPU
		{D87170FB-E5F3-4952-96DF-9EC464B92414}.Debug|Any CPU.ActiveCfg = Debug|Any CPU
		{D87170FB-E5F3-4952-96DF-9EC464B92414}.Debug|Any CPU.Build.0 = Debug|Any CPU
		{D87170FB-E5F3-4952-96DF-9EC464B92414}.Release|Any CPU.ActiveCfg = Release|Any CPU
		{D87170FB-E5F3-4952-96DF-9EC464B92414}.Release|Any CPU.Build.0 = Release|Any CPU
		{436E9CD8-14B8-4BA8-80D0-7CB67BFAA73A}.Debug|Any CPU.ActiveCfg = Debug|Any CPU
		{436E9CD8-14B8-4BA8-80D0-7CB67BFAA73A}.Debug|Any CPU.Build.0 = Debug|Any CPU
		{436E9CD8-14B8-4BA8-80D0-7CB67BFAA73A}.Release|Any CPU.ActiveCfg = Release|Any CPU
		{436E9CD8-14B8-4BA8-80D0-7CB67BFAA73A}.Release|Any CPU.Build.0 = Release|Any CPU
		{EEECFEB9-C287-4C1A-A074-CBEF52601A72}.Debug|Any CPU.ActiveCfg = Debug|Any CPU
		{EEECFEB9-C287-4C1A-A074-CBEF52601A72}.Debug|Any CPU.Build.0 = Debug|Any CPU
		{EEECFEB9-C287-4C1A-A074-CBEF52601A72}.Release|Any CPU.ActiveCfg = Release|Any CPU
		{EEECFEB9-C287-4C1A-A074-CBEF52601A72}.Release|Any CPU.Build.0 = Release|Any CPU
		{ACEA82EB-1DBA-4A06-B3BB-5000B67FEC81}.Debug|Any CPU.ActiveCfg = Debug|Any CPU
		{ACEA82EB-1DBA-4A06-B3BB-5000B67FEC81}.Debug|Any CPU.Build.0 = Debug|Any CPU
		{ACEA82EB-1DBA-4A06-B3BB-5000B67FEC81}.Release|Any CPU.ActiveCfg = Release|Any CPU
		{ACEA82EB-1DBA-4A06-B3BB-5000B67FEC81}.Release|Any CPU.Build.0 = Release|Any CPU
		{C25EED65-1D46-423B-B1E5-F90D00E602DC}.Debug|Any CPU.ActiveCfg = Debug|Any CPU
		{C25EED65-1D46-423B-B1E5-F90D00E602DC}.Debug|Any CPU.Build.0 = Debug|Any CPU
		{C25EED65-1D46-423B-B1E5-F90D00E602DC}.Release|Any CPU.ActiveCfg = Release|Any CPU
		{C25EED65-1D46-423B-B1E5-F90D00E602DC}.Release|Any CPU.Build.0 = Release|Any CPU
		{C55BED7D-0156-4D6A-A6B7-8CA121501EF0}.Debug|Any CPU.ActiveCfg = Debug|Any CPU
		{C55BED7D-0156-4D6A-A6B7-8CA121501EF0}.Debug|Any CPU.Build.0 = Debug|Any CPU
		{C55BED7D-0156-4D6A-A6B7-8CA121501EF0}.Release|Any CPU.ActiveCfg = Release|Any CPU
		{C55BED7D-0156-4D6A-A6B7-8CA121501EF0}.Release|Any CPU.Build.0 = Release|Any CPU
		{E9D81CE6-7A7B-4EA5-BEBA-BA35421D8B05}.Debug|Any CPU.ActiveCfg = Debug|Any CPU
		{E9D81CE6-7A7B-4EA5-BEBA-BA35421D8B05}.Debug|Any CPU.Build.0 = Debug|Any CPU
		{E9D81CE6-7A7B-4EA5-BEBA-BA35421D8B05}.Release|Any CPU.ActiveCfg = Release|Any CPU
		{E9D81CE6-7A7B-4EA5-BEBA-BA35421D8B05}.Release|Any CPU.Build.0 = Release|Any CPU
		{07EE6D9F-B79E-4252-8F5B-00E5D6224A16}.Debug|Any CPU.ActiveCfg = Debug|Any CPU
		{07EE6D9F-B79E-4252-8F5B-00E5D6224A16}.Debug|Any CPU.Build.0 = Debug|Any CPU
		{07EE6D9F-B79E-4252-8F5B-00E5D6224A16}.Release|Any CPU.ActiveCfg = Release|Any CPU
		{07EE6D9F-B79E-4252-8F5B-00E5D6224A16}.Release|Any CPU.Build.0 = Release|Any CPU
		{E1777D39-92A3-4D4F-9686-458C951B6746}.Debug|Any CPU.ActiveCfg = Debug|Any CPU
		{E1777D39-92A3-4D4F-9686-458C951B6746}.Debug|Any CPU.Build.0 = Debug|Any CPU
		{E1777D39-92A3-4D4F-9686-458C951B6746}.Release|Any CPU.ActiveCfg = Release|Any CPU
		{E1777D39-92A3-4D4F-9686-458C951B6746}.Release|Any CPU.Build.0 = Release|Any CPU
		{2F15D936-A2FF-451D-B47B-5CFE6F13DCD7}.Debug|Any CPU.ActiveCfg = Debug|Any CPU
		{2F15D936-A2FF-451D-B47B-5CFE6F13DCD7}.Debug|Any CPU.Build.0 = Debug|Any CPU
		{2F15D936-A2FF-451D-B47B-5CFE6F13DCD7}.Release|Any CPU.ActiveCfg = Release|Any CPU
		{2F15D936-A2FF-451D-B47B-5CFE6F13DCD7}.Release|Any CPU.Build.0 = Release|Any CPU
		{D99B443A-1CA5-44EB-8DF7-7E5EAAA867E6}.Debug|Any CPU.ActiveCfg = Debug|Any CPU
		{D99B443A-1CA5-44EB-8DF7-7E5EAAA867E6}.Debug|Any CPU.Build.0 = Debug|Any CPU
		{D99B443A-1CA5-44EB-8DF7-7E5EAAA867E6}.Release|Any CPU.ActiveCfg = Release|Any CPU
		{D99B443A-1CA5-44EB-8DF7-7E5EAAA867E6}.Release|Any CPU.Build.0 = Release|Any CPU
		{F1467F27-C46C-4DA7-87E5-1B40BB0674B3}.Debug|Any CPU.ActiveCfg = Debug|Any CPU
		{F1467F27-C46C-4DA7-87E5-1B40BB0674B3}.Debug|Any CPU.Build.0 = Debug|Any CPU
		{F1467F27-C46C-4DA7-87E5-1B40BB0674B3}.Release|Any CPU.ActiveCfg = Release|Any CPU
		{F1467F27-C46C-4DA7-87E5-1B40BB0674B3}.Release|Any CPU.Build.0 = Release|Any CPU
		{FD8E0921-B348-4404-8388-078EC8A38852}.Debug|Any CPU.ActiveCfg = Debug|Any CPU
		{FD8E0921-B348-4404-8388-078EC8A38852}.Debug|Any CPU.Build.0 = Debug|Any CPU
		{FD8E0921-B348-4404-8388-078EC8A38852}.Release|Any CPU.ActiveCfg = Release|Any CPU
		{FD8E0921-B348-4404-8388-078EC8A38852}.Release|Any CPU.Build.0 = Release|Any CPU
		{FCFFB3E4-F4C3-4460-A40B-AAE5A0858786}.Debug|Any CPU.ActiveCfg = Debug|Any CPU
		{FCFFB3E4-F4C3-4460-A40B-AAE5A0858786}.Debug|Any CPU.Build.0 = Debug|Any CPU
		{FCFFB3E4-F4C3-4460-A40B-AAE5A0858786}.Release|Any CPU.ActiveCfg = Release|Any CPU
		{FCFFB3E4-F4C3-4460-A40B-AAE5A0858786}.Release|Any CPU.Build.0 = Release|Any CPU
		{1FCF0008-7443-460A-9467-0C1214875405}.Debug|Any CPU.ActiveCfg = Debug|Any CPU
		{1FCF0008-7443-460A-9467-0C1214875405}.Debug|Any CPU.Build.0 = Debug|Any CPU
		{1FCF0008-7443-460A-9467-0C1214875405}.Release|Any CPU.ActiveCfg = Release|Any CPU
		{1FCF0008-7443-460A-9467-0C1214875405}.Release|Any CPU.Build.0 = Release|Any CPU
		{C5C6A955-EE7E-4476-BFE1-11A4274F202C}.Debug|Any CPU.ActiveCfg = Debug|Any CPU
		{C5C6A955-EE7E-4476-BFE1-11A4274F202C}.Debug|Any CPU.Build.0 = Debug|Any CPU
		{C5C6A955-EE7E-4476-BFE1-11A4274F202C}.Release|Any CPU.ActiveCfg = Release|Any CPU
		{C5C6A955-EE7E-4476-BFE1-11A4274F202C}.Release|Any CPU.Build.0 = Release|Any CPU
		{E3535BD7-4428-4289-9227-59154227FC08}.Debug|Any CPU.ActiveCfg = Debug|Any CPU
		{E3535BD7-4428-4289-9227-59154227FC08}.Debug|Any CPU.Build.0 = Debug|Any CPU
		{E3535BD7-4428-4289-9227-59154227FC08}.Release|Any CPU.ActiveCfg = Release|Any CPU
		{E3535BD7-4428-4289-9227-59154227FC08}.Release|Any CPU.Build.0 = Release|Any CPU
		{4EC8E902-24D7-4EC0-B886-AC76E9C73A54}.Debug|Any CPU.ActiveCfg = Debug|Any CPU
		{4EC8E902-24D7-4EC0-B886-AC76E9C73A54}.Debug|Any CPU.Build.0 = Debug|Any CPU
		{4EC8E902-24D7-4EC0-B886-AC76E9C73A54}.Release|Any CPU.ActiveCfg = Release|Any CPU
		{4EC8E902-24D7-4EC0-B886-AC76E9C73A54}.Release|Any CPU.Build.0 = Release|Any CPU
		{C8EAFDC7-76E5-4022-9A23-795FD1C60027}.Debug|Any CPU.ActiveCfg = Debug|Any CPU
		{C8EAFDC7-76E5-4022-9A23-795FD1C60027}.Debug|Any CPU.Build.0 = Debug|Any CPU
		{C8EAFDC7-76E5-4022-9A23-795FD1C60027}.Release|Any CPU.ActiveCfg = Release|Any CPU
		{C8EAFDC7-76E5-4022-9A23-795FD1C60027}.Release|Any CPU.Build.0 = Release|Any CPU
		{E6CD349F-A556-4F90-8382-77A4AA0EEA80}.Debug|Any CPU.ActiveCfg = Debug|Any CPU
		{E6CD349F-A556-4F90-8382-77A4AA0EEA80}.Release|Any CPU.ActiveCfg = Release|Any CPU
		{E6CD349F-A556-4F90-8382-77A4AA0EEA80}.Release|Any CPU.Build.0 = Release|Any CPU
	EndGlobalSection
	GlobalSection(SolutionProperties) = preSolution
		HideSolutionNode = FALSE
	EndGlobalSection
	GlobalSection(NestedProjects) = preSolution
		{1F6E165F-5C5A-4B1E-AFF4-5824EB0A2E29} = {765D12D8-3CE5-4292-B159-81A6DF3869C7}
		{25FA79D0-F97F-4394-8E84-562E8B043CE5} = {C01667ED-90ED-4F1E-9356-18F76E16BDFE}
		{C12B52D3-D0D8-4344-BF61-1C7CEB80EC64} = {C01667ED-90ED-4F1E-9356-18F76E16BDFE}
		{BF9BA36A-8F87-4EB0-BBBA-AE0A18B867CD} = {C01667ED-90ED-4F1E-9356-18F76E16BDFE}
		{A2C1EE02-85B4-402D-B9FC-7108D78505DC} = {C01667ED-90ED-4F1E-9356-18F76E16BDFE}
		{649C195C-64ED-45F7-9C52-C43E629785FB} = {C01667ED-90ED-4F1E-9356-18F76E16BDFE}
		{53D32B77-0EE7-4EB0-ADEE-529E2A600E86} = {C01667ED-90ED-4F1E-9356-18F76E16BDFE}
		{C75DBBFD-0981-4B04-BBBE-87D6A4E5DF3B} = {C01667ED-90ED-4F1E-9356-18F76E16BDFE}
		{AD537FBF-58EC-472A-B770-50FFCFB962CC} = {C01667ED-90ED-4F1E-9356-18F76E16BDFE}
		{39A32FDC-5846-46AF-92AC-03E1340DE7B6} = {D1C13AB4-4366-49FC-B4A8-889EEFD4A733}
		{96C860FA-1B1E-4D1D-A6F2-EF08E8674920} = {D1C13AB4-4366-49FC-B4A8-889EEFD4A733}
		{6A9E2CC6-F4B7-452B-8461-D0348B294D44} = {F538AAD9-062F-4F86-BFC5-7A93908EF88E}
		{E5845FF6-CBAD-433A-A739-EA800F37BC7F} = {F538AAD9-062F-4F86-BFC5-7A93908EF88E}
		{837A1770-BBBD-4B8B-ABC5-912928C4B645} = {F538AAD9-062F-4F86-BFC5-7A93908EF88E}
		{33D10043-5F94-4A0A-9C11-6DA21FF8310F} = {F538AAD9-062F-4F86-BFC5-7A93908EF88E}
		{6EEA9FC6-FD50-4477-A428-6832160EE569} = {765D12D8-3CE5-4292-B159-81A6DF3869C7}
		{6C377719-AD3D-40F7-B8BB-D7F4040B7233} = {CAB2EF9F-1D44-4B12-AA3D-BE2E508E0351}
		{220266BC-E486-4D32-A470-5913CB3C9228} = {CAB2EF9F-1D44-4B12-AA3D-BE2E508E0351}
		{7AAB33F4-ADE8-44E2-A9F1-AF28D8B3E0CB} = {C01667ED-90ED-4F1E-9356-18F76E16BDFE}
		{374CF98E-55C9-4493-9210-9175F55FD4BD} = {C01667ED-90ED-4F1E-9356-18F76E16BDFE}
		{2105579A-DC0D-4812-9CBA-2FECDDEFAF53} = {C01667ED-90ED-4F1E-9356-18F76E16BDFE}
		{8B75E379-6E63-44D6-A807-3B0886B4A1F4} = {C01667ED-90ED-4F1E-9356-18F76E16BDFE}
		{6B51A583-D6A5-4D1B-9DD7-F83C247546B6} = {F538AAD9-062F-4F86-BFC5-7A93908EF88E}
		{D87170FB-E5F3-4952-96DF-9EC464B92414} = {C01667ED-90ED-4F1E-9356-18F76E16BDFE}
		{436E9CD8-14B8-4BA8-80D0-7CB67BFAA73A} = {C01667ED-90ED-4F1E-9356-18F76E16BDFE}
		{EEECFEB9-C287-4C1A-A074-CBEF52601A72} = {C01667ED-90ED-4F1E-9356-18F76E16BDFE}
		{ACEA82EB-1DBA-4A06-B3BB-5000B67FEC81} = {C01667ED-90ED-4F1E-9356-18F76E16BDFE}
		{C25EED65-1D46-423B-B1E5-F90D00E602DC} = {C01667ED-90ED-4F1E-9356-18F76E16BDFE}
		{E9D81CE6-7A7B-4EA5-BEBA-BA35421D8B05} = {F538AAD9-062F-4F86-BFC5-7A93908EF88E}
		{07EE6D9F-B79E-4252-8F5B-00E5D6224A16} = {F538AAD9-062F-4F86-BFC5-7A93908EF88E}
		{A2FA802C-6907-4CC6-84A9-30AB06696041} = {71BD7EAD-1AFD-4BFC-A38D-80BD47A31470}
		{BE09C24F-8AAF-4472-B19A-BA4CA0D99DE5} = {71BD7EAD-1AFD-4BFC-A38D-80BD47A31470}
		{FB937119-26D2-4903-BCF1-CF882B576EA8} = {71BD7EAD-1AFD-4BFC-A38D-80BD47A31470}
		{54B04E29-27FD-4C60-B768-A271E9368D82} = {D1C13AB4-4366-49FC-B4A8-889EEFD4A733}
		{DA27E3A0-6B1F-4EBE-94B3-396C3079CDB4} = {D1C13AB4-4366-49FC-B4A8-889EEFD4A733}
		{5AE81410-00A5-498F-98DD-1EAC0DC7F62E} = {71BD7EAD-1AFD-4BFC-A38D-80BD47A31470}
		{171FF463-E0DF-4B35-BB2F-6EEE1DACFD96} = {71BD7EAD-1AFD-4BFC-A38D-80BD47A31470}
		{96093DD9-5D07-44B3-9BF5-BE099E8EAF91} = {71BD7EAD-1AFD-4BFC-A38D-80BD47A31470}
		{9C1F2333-2934-48CB-8600-43AE14AAF4C7} = {71BD7EAD-1AFD-4BFC-A38D-80BD47A31470}
		{13D73582-68CF-43A1-B340-59BDB56AF69F} = {71BD7EAD-1AFD-4BFC-A38D-80BD47A31470}
		{24733B4A-F9D1-43E2-8900-08B19E5516F2} = {71BD7EAD-1AFD-4BFC-A38D-80BD47A31470}
		{8B3D2F61-04BF-422F-B466-FD74590412A0} = {71BD7EAD-1AFD-4BFC-A38D-80BD47A31470}
		{D0E35C0F-17D6-4B8A-976D-9238DB536DE5} = {71BD7EAD-1AFD-4BFC-A38D-80BD47A31470}
		{5BB27AD8-320C-4CB3-AEE5-707993A9488F} = {71BD7EAD-1AFD-4BFC-A38D-80BD47A31470}
		{48D0B88E-F988-4ECE-B9D8-055ACE83B321} = {71BD7EAD-1AFD-4BFC-A38D-80BD47A31470}
		{0EBE59EB-C382-4D85-843C-0888D12F4550} = {71BD7EAD-1AFD-4BFC-A38D-80BD47A31470}
		{C55BED7D-0156-4D6A-A6B7-8CA121501EF0} = {71BD7EAD-1AFD-4BFC-A38D-80BD47A31470}
		{8582A6FB-23FF-4A91-AA41-5961C22D4AD4} = {71BD7EAD-1AFD-4BFC-A38D-80BD47A31470}
		{E1777D39-92A3-4D4F-9686-458C951B6746} = {71BD7EAD-1AFD-4BFC-A38D-80BD47A31470}
		{2F15D936-A2FF-451D-B47B-5CFE6F13DCD7} = {F538AAD9-062F-4F86-BFC5-7A93908EF88E}
		{D99B443A-1CA5-44EB-8DF7-7E5EAAA867E6} = {C01667ED-90ED-4F1E-9356-18F76E16BDFE}
		{F1467F27-C46C-4DA7-87E5-1B40BB0674B3} = {C01667ED-90ED-4F1E-9356-18F76E16BDFE}
		{FD8E0921-B348-4404-8388-078EC8A38852} = {C01667ED-90ED-4F1E-9356-18F76E16BDFE}
		{FCFFB3E4-F4C3-4460-A40B-AAE5A0858786} = {C01667ED-90ED-4F1E-9356-18F76E16BDFE}
		{1FCF0008-7443-460A-9467-0C1214875405} = {71BD7EAD-1AFD-4BFC-A38D-80BD47A31470}
		{C5C6A955-EE7E-4476-BFE1-11A4274F202C} = {71BD7EAD-1AFD-4BFC-A38D-80BD47A31470}
		{E3535BD7-4428-4289-9227-59154227FC08} = {71BD7EAD-1AFD-4BFC-A38D-80BD47A31470}
		{4EC8E902-24D7-4EC0-B886-AC76E9C73A54} = {71BD7EAD-1AFD-4BFC-A38D-80BD47A31470}
		{C8EAFDC7-76E5-4022-9A23-795FD1C60027} = {71BD7EAD-1AFD-4BFC-A38D-80BD47A31470}
		{E6CD349F-A556-4F90-8382-77A4AA0EEA80} = {CAB2EF9F-1D44-4B12-AA3D-BE2E508E0351}
	EndGlobalSection
	GlobalSection(ExtensibilityGlobals) = postSolution
		SolutionGuid = {4714F856-F59A-40D3-BC6D-D2316FA86A03}
	EndGlobalSection
EndGlobal
